
Microsoft Visual Studio Solution File, Format Version 11.00
# Visual Studio 2010
# SharpDevelop 4.3
Project("{FAE04EC0-301F-11D3-BF4B-00C04F79EFBC}") = "Tugas 1 2", "Tugas 1 2\Tugas 1 2.csproj", "{9DC7660D-A91D-456F-973A-3FA150EFBACB}"
EndProject
Global
	GlobalSection(SolutionConfigurationPlatforms) = preSolution
		Debug|Any CPU = Debug|Any CPU
		Release|Any CPU = Release|Any CPU
	EndGlobalSection
	GlobalSection(ProjectConfigurationPlatforms) = postSolution
		{9DC7660D-A91D-456F-973A-3FA150EFBACB}.Debug|Any CPU.Build.0 = Debug|Any CPU
		{9DC7660D-A91D-456F-973A-3FA150EFBACB}.Debug|Any CPU.ActiveCfg = Debug|Any CPU
		{9DC7660D-A91D-456F-973A-3FA150EFBACB}.Release|Any CPU.Build.0 = Release|Any CPU
		{9DC7660D-A91D-456F-973A-3FA150EFBACB}.Release|Any CPU.ActiveCfg = Release|Any CPU
	EndGlobalSection
EndGlobal
